
Microsoft Visual Studio Solution File, Format Version 10.00
# Visual C++ Express 2008
Project("{8BC9CEB8-8B4A-11D0-8D11-00A0C91BC942}") = "GuessNum", "GuessNum.vcproj", "{D30ADFD3-543F-44E6-9F9F-78025C61D377}"
EndProject
Global
	GlobalSection(SolutionConfigurationPlatforms) = preSolution
		Debug|Win32 = Debug|Win32
		Release|Win32 = Release|Win32
	EndGlobalSection
	GlobalSection(ProjectConfigurationPlatforms) = postSolution
		{D30ADFD3-543F-44E6-9F9F-78025C61D377}.Debug|Win32.ActiveCfg = Debug|Win32
		{D30ADFD3-543F-44E6-9F9F-78025C61D377}.Debug|Win32.Build.0 = Debug|Win32
		{D30ADFD3-543F-44E6-9F9F-78025C61D377}.Release|Win32.ActiveCfg = Release|Win32
		{D30ADFD3-543F-44E6-9F9F-78025C61D377}.Release|Win32.Build.0 = Release|Win32
	EndGlobalSection
	GlobalSection(SolutionProperties) = preSolution
		HideSolutionNode = FALSE
	EndGlobalSection
EndGlobal
